
Microsoft Visual Studio Solution File, Format Version 12.00
# Visual Studio Version 17
VisualStudioVersion = 17.11.35327.3
MinimumVisualStudioVersion = 10.0.40219.1
Project("{FAE04EC0-301F-11D3-BF4B-00C04F79EFBC}") = "Demo1", "Demo1\Demo1.csproj", "{40458D9A-59D2-40CD-9611-B5721472ECB1}"
EndProject
Global
	GlobalSection(SolutionConfigurationPlatforms) = preSolution
		Debug|Any CPU = Debug|Any CPU
		Release|Any CPU = Release|Any CPU
	EndGlobalSection
	GlobalSection(ProjectConfigurationPlatforms) = postSolution
		{40458D9A-59D2-40CD-9611-B5721472ECB1}.Debug|Any CPU.ActiveCfg = Debug|Any CPU
		{40458D9A-59D2-40CD-9611-B5721472ECB1}.Debug|Any CPU.Build.0 = Debug|Any CPU
		{40458D9A-59D2-40CD-9611-B5721472ECB1}.Release|Any CPU.ActiveCfg = Release|Any CPU
		{40458D9A-59D2-40CD-9611-B5721472ECB1}.Release|Any CPU.Build.0 = Release|Any CPU
	EndGlobalSection
	GlobalSection(SolutionProperties) = preSolution
		HideSolutionNode = FALSE
	EndGlobalSection
	GlobalSection(ExtensibilityGlobals) = postSolution
		SolutionGuid = {3EF64D79-4F27-4FBB-910B-3965FA443E4E}
	EndGlobalSection
EndGlobal
